
Microsoft Visual Studio Solution File, Format Version 12.00
# Visual Studio Version 16
VisualStudioVersion = 16.0.30711.63
MinimumVisualStudioVersion = 10.0.40219.1
Project("{F184B08F-C81C-45F6-A57F-5ABD9991F28F}") = "parks1", "parks1\parks1.vbproj", "{21444901-121F-4D0C-92E1-BE4A28E90303}"
EndProject
Project("{FAE04EC0-301F-11D3-BF4B-00C04F79EFBC}") = "ParkDataAccess", "ParkDataAccess\ParkDataAccess.csproj", "{0FC155E8-6C9A-48C6-9DC4-C7024F085B77}"
EndProject
Project("{FAE04EC0-301F-11D3-BF4B-00C04F79EFBC}") = "Models", "Models\Models.csproj", "{873115C9-F0BE-4917-9845-8E3CFC5EE5D8}"
EndProject
Project("{FAE04EC0-301F-11D3-BF4B-00C04F79EFBC}") = "Business", "Business\Business.csproj", "{CA0529C1-8D73-4CAF-842D-4EA10B1044BB}"
	ProjectSection(ProjectDependencies) = postProject
		{E5C74C0C-ED16-456E-A680-31FA7B5CCCA2} = {E5C74C0C-ED16-456E-A680-31FA7B5CCCA2}
	EndProjectSection
EndProject
Project("{E24C65DC-7377-472B-9ABA-BC803B73C61A}") = "ParkService", "ParkService\", "{E5C74C0C-ED16-456E-A680-31FA7B5CCCA2}"
	ProjectSection(WebsiteProperties) = preProject
		TargetFrameworkMoniker = ".NETFramework,Version%3Dv4.5.2"
		ProjectReferences = "{0fc155e8-6c9a-48c6-9dc4-c7024f085b77}|ParkDataAccess.dll;"
		Debug.AspNetCompiler.VirtualPath = "/localhost_55480"
		Debug.AspNetCompiler.PhysicalPath = "ParkService\"
		Debug.AspNetCompiler.TargetPath = "PrecompiledWeb\localhost_55480\"
		Debug.AspNetCompiler.Updateable = "true"
		Debug.AspNetCompiler.ForceOverwrite = "true"
		Debug.AspNetCompiler.FixedNames = "false"
		Debug.AspNetCompiler.Debug = "True"
		Release.AspNetCompiler.VirtualPath = "/localhost_55480"
		Release.AspNetCompiler.PhysicalPath = "ParkService\"
		Release.AspNetCompiler.TargetPath = "PrecompiledWeb\localhost_55480\"
		Release.AspNetCompiler.Updateable = "true"
		Release.AspNetCompiler.ForceOverwrite = "true"
		Release.AspNetCompiler.FixedNames = "false"
		Release.AspNetCompiler.Debug = "False"
		VWDPort = "55480"
		SlnRelativePath = "ParkService\"
		DefaultWebSiteLanguage = "Visual C#"
	EndProjectSection
EndProject
Global
	GlobalSection(SolutionConfigurationPlatforms) = preSolution
		Debug|Any CPU = Debug|Any CPU
		Release|Any CPU = Release|Any CPU
	EndGlobalSection
	GlobalSection(ProjectConfigurationPlatforms) = postSolution
		{21444901-121F-4D0C-92E1-BE4A28E90303}.Debug|Any CPU.ActiveCfg = Debug|Any CPU
		{21444901-121F-4D0C-92E1-BE4A28E90303}.Debug|Any CPU.Build.0 = Debug|Any CPU
		{21444901-121F-4D0C-92E1-BE4A28E90303}.Release|Any CPU.ActiveCfg = Release|Any CPU
		{21444901-121F-4D0C-92E1-BE4A28E90303}.Release|Any CPU.Build.0 = Release|Any CPU
		{0FC155E8-6C9A-48C6-9DC4-C7024F085B77}.Debug|Any CPU.ActiveCfg = Debug|Any CPU
		{0FC155E8-6C9A-48C6-9DC4-C7024F085B77}.Debug|Any CPU.Build.0 = Debug|Any CPU
		{0FC155E8-6C9A-48C6-9DC4-C7024F085B77}.Release|Any CPU.ActiveCfg = Release|Any CPU
		{0FC155E8-6C9A-48C6-9DC4-C7024F085B77}.Release|Any CPU.Build.0 = Release|Any CPU
		{873115C9-F0BE-4917-9845-8E3CFC5EE5D8}.Debug|Any CPU.ActiveCfg = Debug|Any CPU
		{873115C9-F0BE-4917-9845-8E3CFC5EE5D8}.Debug|Any CPU.Build.0 = Debug|Any CPU
		{873115C9-F0BE-4917-9845-8E3CFC5EE5D8}.Release|Any CPU.ActiveCfg = Release|Any CPU
		{873115C9-F0BE-4917-9845-8E3CFC5EE5D8}.Release|Any CPU.Build.0 = Release|Any CPU
		{CA0529C1-8D73-4CAF-842D-4EA10B1044BB}.Debug|Any CPU.ActiveCfg = Debug|Any CPU
		{CA0529C1-8D73-4CAF-842D-4EA10B1044BB}.Debug|Any CPU.Build.0 = Debug|Any CPU
		{CA0529C1-8D73-4CAF-842D-4EA10B1044BB}.Release|Any CPU.ActiveCfg = Release|Any CPU
		{CA0529C1-8D73-4CAF-842D-4EA10B1044BB}.Release|Any CPU.Build.0 = Release|Any CPU
		{E5C74C0C-ED16-456E-A680-31FA7B5CCCA2}.Debug|Any CPU.ActiveCfg = Debug|Any CPU
		{E5C74C0C-ED16-456E-A680-31FA7B5CCCA2}.Debug|Any CPU.Build.0 = Debug|Any CPU
		{E5C74C0C-ED16-456E-A680-31FA7B5CCCA2}.Release|Any CPU.ActiveCfg = Debug|Any CPU
		{E5C74C0C-ED16-456E-A680-31FA7B5CCCA2}.Release|Any CPU.Build.0 = Debug|Any CPU
	EndGlobalSection
	GlobalSection(SolutionProperties) = preSolution
		HideSolutionNode = FALSE
	EndGlobalSection
	GlobalSection(ExtensibilityGlobals) = postSolution
		SolutionGuid = {3EB0BEF0-D5ED-43C0-91AA-662E9E991E60}
	EndGlobalSection
EndGlobal
